// !$*UTF8*$!
{
	archiveVersion = 1;
	classes = {
	};
	objectVersion = 50;
	objects = {

/* Begin PBXBuildFile section */
		2C00B6E224EC212400CF7BCC /* AppDelegate.swift in Sources */ = {isa = PBXBuildFile; fileRef = 2C00B6E124EC212400CF7BCC /* AppDelegate.swift */; };
		2C00B6EB24EC212A00CF7BCC /* Assets.xcassets in Resources */ = {isa = PBXBuildFile; fileRef = 2C00B6EA24EC212A00CF7BCC /* Assets.xcassets */; };
		2C00B6EE24EC212A00CF7BCC /* LaunchScreen.storyboard in Resources */ = {isa = PBXBuildFile; fileRef = 2C00B6EC24EC212A00CF7BCC /* LaunchScreen.storyboard */; };
		2C00B6F924EC212A00CF7BCC /* HeadyTests.swift in Sources */ = {isa = PBXBuildFile; fileRef = 2C00B6F824EC212A00CF7BCC /* HeadyTests.swift */; };
		2C00B71224EC296400CF7BCC /* Networking.swift in Sources */ = {isa = PBXBuildFile; fileRef = 2C00B71124EC296400CF7BCC /* Networking.swift */; };
		2C00B71424EC29C100CF7BCC /* Protocols.swift in Sources */ = {isa = PBXBuildFile; fileRef = 2C00B71324EC29C000CF7BCC /* Protocols.swift */; };
		2C00B71624EC2A2800CF7BCC /* Common.swift in Sources */ = {isa = PBXBuildFile; fileRef = 2C00B71524EC2A2800CF7BCC /* Common.swift */; };
		2C00B71824EC4EBA00CF7BCC /* RootViewControllerDelegate.swift in Sources */ = {isa = PBXBuildFile; fileRef = 2C00B71724EC4EBA00CF7BCC /* RootViewControllerDelegate.swift */; };
		2C00B71A24EC4FA600CF7BCC /* Constant.swift in Sources */ = {isa = PBXBuildFile; fileRef = 2C00B71924EC4FA600CF7BCC /* Constant.swift */; };
		2C00B71C24EC505200CF7BCC /* Extensions.swift in Sources */ = {isa = PBXBuildFile; fileRef = 2C00B71B24EC505200CF7BCC /* Extensions.swift */; };
		2C00B72124EC539600CF7BCC /* SplashWireFrame.swift in Sources */ = {isa = PBXBuildFile; fileRef = 2C00B72024EC539600CF7BCC /* SplashWireFrame.swift */; };
		2C00B72324EC56D800CF7BCC /* SpashViewController.swift in Sources */ = {isa = PBXBuildFile; fileRef = 2C00B72224EC56D800CF7BCC /* SpashViewController.swift */; };
		2C00B72624EC570E00CF7BCC /* Splash.storyboard in Resources */ = {isa = PBXBuildFile; fileRef = 2C00B72524EC570E00CF7BCC /* Splash.storyboard */; };
		2C00B72824ED32CB00CF7BCC /* SceneDelegate.swift in Sources */ = {isa = PBXBuildFile; fileRef = 2C00B72724ED32CB00CF7BCC /* SceneDelegate.swift */; };
		2C00B72A24ED416500CF7BCC /* splash.gif in Resources */ = {isa = PBXBuildFile; fileRef = 2C00B72924ED416500CF7BCC /* splash.gif */; };
		2C00B72C24ED4E6500CF7BCC /* CategoryList.storyboard in Resources */ = {isa = PBXBuildFile; fileRef = 2C00B72B24ED4E6500CF7BCC /* CategoryList.storyboard */; };
		2C00B72F24ED4F6F00CF7BCC /* CategoryListViewController.swift in Sources */ = {isa = PBXBuildFile; fileRef = 2C00B72E24ED4F6F00CF7BCC /* CategoryListViewController.swift */; };
		2C00B73124ED4FAD00CF7BCC /* CategoryListWireFrame.swift in Sources */ = {isa = PBXBuildFile; fileRef = 2C00B73024ED4FAD00CF7BCC /* CategoryListWireFrame.swift */; };
		2C00B73324ED515100CF7BCC /* BaseViewController.swift in Sources */ = {isa = PBXBuildFile; fileRef = 2C00B73224ED515100CF7BCC /* BaseViewController.swift */; };
		2C00B73724ED68EB00CF7BCC /* CategoryListColCollectionViewCell.swift in Sources */ = {isa = PBXBuildFile; fileRef = 2C00B73524ED68EB00CF7BCC /* CategoryListColCollectionViewCell.swift */; };
		2C00B73824ED68EB00CF7BCC /* CategoryListCollectionViewCell.xib in Resources */ = {isa = PBXBuildFile; fileRef = 2C00B73624ED68EB00CF7BCC /* CategoryListCollectionViewCell.xib */; };
		2C00B73A24ED6A6E00CF7BCC /* CategoryDataModel.swift in Sources */ = {isa = PBXBuildFile; fileRef = 2C00B73924ED6A6E00CF7BCC /* CategoryDataModel.swift */; };
		2C00B73C24ED7E8E00CF7BCC /* CategoryListViewModel.swift in Sources */ = {isa = PBXBuildFile; fileRef = 2C00B73B24ED7E8E00CF7BCC /* CategoryListViewModel.swift */; };
		2C00B73E24ED96B000CF7BCC /* ProductListViewController.swift in Sources */ = {isa = PBXBuildFile; fileRef = 2C00B73D24ED96B000CF7BCC /* ProductListViewController.swift */; };
		2C00B74024ED970700CF7BCC /* ProductList.storyboard in Resources */ = {isa = PBXBuildFile; fileRef = 2C00B73F24ED970700CF7BCC /* ProductList.storyboard */; };
		2C00B74224ED98E400CF7BCC /* ProductListWireFrame.swift in Sources */ = {isa = PBXBuildFile; fileRef = 2C00B74124ED98E400CF7BCC /* ProductListWireFrame.swift */; };
		2C00B74724EDA58D00CF7BCC /* ProductListCell.swift in Sources */ = {isa = PBXBuildFile; fileRef = 2C00B74524EDA58D00CF7BCC /* ProductListCell.swift */; };
		2C00B74824EDA58D00CF7BCC /* ProductListCell.xib in Resources */ = {isa = PBXBuildFile; fileRef = 2C00B74624EDA58D00CF7BCC /* ProductListCell.xib */; };
		2C00B74C24EDB4B200CF7BCC /* ProductVarientCell.swift in Sources */ = {isa = PBXBuildFile; fileRef = 2C00B74A24EDB4B200CF7BCC /* ProductVarientCell.swift */; };
		2C00B74D24EDB4B200CF7BCC /* ProductVarientCell.xib in Resources */ = {isa = PBXBuildFile; fileRef = 2C00B74B24EDB4B200CF7BCC /* ProductVarientCell.xib */; };
		9E57F6FF6939CDE2992AE06E /* Pods_HeadyTests.framework in Frameworks */ = {isa = PBXBuildFile; fileRef = 604AC983A07C21CF16362EBC /* Pods_HeadyTests.framework */; };
		EBA5D64E24893AE5A4AA1067 /* Pods_Heady.framework in Frameworks */ = {isa = PBXBuildFile; fileRef = 4BD3043BDC53CA09CB758F1F /* Pods_Heady.framework */; };
/* End PBXBuildFile section */

/* Begin PBXContainerItemProxy section */
		2C00B6F524EC212A00CF7BCC /* PBXContainerItemProxy */ = {
			isa = PBXContainerItemProxy;
			containerPortal = 2C00B6D624EC212400CF7BCC /* Project object */;
			proxyType = 1;
			remoteGlobalIDString = 2C00B6DD24EC212400CF7BCC;
			remoteInfo = Heady;
		};
/* End PBXContainerItemProxy section */

/* Begin PBXFileReference section */
		2C00B6DE24EC212400CF7BCC /* Heady.app */ = {isa = PBXFileReference; explicitFileType = wrapper.application; includeInIndex = 0; path = Heady.app; sourceTree = BUILT_PRODUCTS_DIR; };
		2C00B6E124EC212400CF7BCC /* AppDelegate.swift */ = {isa = PBXFileReference; lastKnownFileType = sourcecode.swift; path = AppDelegate.swift; sourceTree = "<group>"; };
		2C00B6EA24EC212A00CF7BCC /* Assets.xcassets */ = {isa = PBXFileReference; lastKnownFileType = folder.assetcatalog; path = Assets.xcassets; sourceTree = "<group>"; };
		2C00B6ED24EC212A00CF7BCC /* Base */ = {isa = PBXFileReference; lastKnownFileType = file.storyboard; name = Base; path = Base.lproj/LaunchScreen.storyboard; sourceTree = "<group>"; };
		2C00B6EF24EC212A00CF7BCC /* Info.plist */ = {isa = PBXFileReference; lastKnownFileType = text.plist.xml; path = Info.plist; sourceTree = "<group>"; };
		2C00B6F424EC212A00CF7BCC /* HeadyTests.xctest */ = {isa = PBXFileReference; explicitFileType = wrapper.cfbundle; includeInIndex = 0; path = HeadyTests.xctest; sourceTree = BUILT_PRODUCTS_DIR; };
		2C00B6F824EC212A00CF7BCC /* HeadyTests.swift */ = {isa = PBXFileReference; lastKnownFileType = sourcecode.swift; path = HeadyTests.swift; sourceTree = "<group>"; };
		2C00B6FA24EC212A00CF7BCC /* Info.plist */ = {isa = PBXFileReference; lastKnownFileType = text.plist.xml; path = Info.plist; sourceTree = "<group>"; };
		2C00B71124EC296400CF7BCC /* Networking.swift */ = {isa = PBXFileReference; lastKnownFileType = sourcecode.swift; path = Networking.swift; sourceTree = "<group>"; };
		2C00B71324EC29C000CF7BCC /* Protocols.swift */ = {isa = PBXFileReference; lastKnownFileType = sourcecode.swift; path = Protocols.swift; sourceTree = "<group>"; };
		2C00B71524EC2A2800CF7BCC /* Common.swift */ = {isa = PBXFileReference; lastKnownFileType = sourcecode.swift; path = Common.swift; sourceTree = "<group>"; };
		2C00B71724EC4EBA00CF7BCC /* RootViewControllerDelegate.swift */ = {isa = PBXFileReference; lastKnownFileType = sourcecode.swift; path = RootViewControllerDelegate.swift; sourceTree = "<group>"; };
		2C00B71924EC4FA600CF7BCC /* Constant.swift */ = {isa = PBXFileReference; lastKnownFileType = sourcecode.swift; path = Constant.swift; sourceTree = "<group>"; };
		2C00B71B24EC505200CF7BCC /* Extensions.swift */ = {isa = PBXFileReference; lastKnownFileType = sourcecode.swift; path = Extensions.swift; sourceTree = "<group>"; };
		2C00B72024EC539600CF7BCC /* SplashWireFrame.swift */ = {isa = PBXFileReference; lastKnownFileType = sourcecode.swift; path = SplashWireFrame.swift; sourceTree = "<group>"; };
		2C00B72224EC56D800CF7BCC /* SpashViewController.swift */ = {isa = PBXFileReference; lastKnownFileType = sourcecode.swift; path = SpashViewController.swift; sourceTree = "<group>"; };
		2C00B72524EC570E00CF7BCC /* Splash.storyboard */ = {isa = PBXFileReference; lastKnownFileType = file.storyboard; path = Splash.storyboard; sourceTree = "<group>"; };
		2C00B72724ED32CB00CF7BCC /* SceneDelegate.swift */ = {isa = PBXFileReference; fileEncoding = 4; lastKnownFileType = sourcecode.swift; path = SceneDelegate.swift; sourceTree = "<group>"; };
		2C00B72924ED416500CF7BCC /* splash.gif */ = {isa = PBXFileReference; lastKnownFileType = image.gif; path = splash.gif; sourceTree = "<group>"; };
		2C00B72B24ED4E6500CF7BCC /* CategoryList.storyboard */ = {isa = PBXFileReference; lastKnownFileType = file.storyboard; path = CategoryList.storyboard; sourceTree = "<group>"; };
		2C00B72E24ED4F6F00CF7BCC /* CategoryListViewController.swift */ = {isa = PBXFileReference; lastKnownFileType = sourcecode.swift; path = CategoryListViewController.swift; sourceTree = "<group>"; };
		2C00B73024ED4FAD00CF7BCC /* CategoryListWireFrame.swift */ = {isa = PBXFileReference; lastKnownFileType = sourcecode.swift; path = CategoryListWireFrame.swift; sourceTree = "<group>"; };
		2C00B73224ED515100CF7BCC /* BaseViewController.swift */ = {isa = PBXFileReference; lastKnownFileType = sourcecode.swift; path = BaseViewController.swift; sourceTree = "<group>"; };
		2C00B73524ED68EB00CF7BCC /* CategoryListColCollectionViewCell.swift */ = {isa = PBXFileReference; lastKnownFileType = sourcecode.swift; path = CategoryListColCollectionViewCell.swift; sourceTree = "<group>"; };
		2C00B73624ED68EB00CF7BCC /* CategoryListCollectionViewCell.xib */ = {isa = PBXFileReference; lastKnownFileType = file.xib; path = CategoryListCollectionViewCell.xib; sourceTree = "<group>"; };
		2C00B73924ED6A6E00CF7BCC /* CategoryDataModel.swift */ = {isa = PBXFileReference; fileEncoding = 4; lastKnownFileType = sourcecode.swift; path = CategoryDataModel.swift; sourceTree = "<group>"; };
		2C00B73B24ED7E8E00CF7BCC /* CategoryListViewModel.swift */ = {isa = PBXFileReference; lastKnownFileType = sourcecode.swift; path = CategoryListViewModel.swift; sourceTree = "<group>"; };
		2C00B73D24ED96B000CF7BCC /* ProductListViewController.swift */ = {isa = PBXFileReference; lastKnownFileType = sourcecode.swift; path = ProductListViewController.swift; sourceTree = "<group>"; };
		2C00B73F24ED970700CF7BCC /* ProductList.storyboard */ = {isa = PBXFileReference; lastKnownFileType = file.storyboard; path = ProductList.storyboard; sourceTree = "<group>"; };
		2C00B74124ED98E400CF7BCC /* ProductListWireFrame.swift */ = {isa = PBXFileReference; lastKnownFileType = sourcecode.swift; path = ProductListWireFrame.swift; sourceTree = "<group>"; };
		2C00B74524EDA58D00CF7BCC /* ProductListCell.swift */ = {isa = PBXFileReference; lastKnownFileType = sourcecode.swift; path = ProductListCell.swift; sourceTree = "<group>"; };
		2C00B74624EDA58D00CF7BCC /* ProductListCell.xib */ = {isa = PBXFileReference; lastKnownFileType = file.xib; path = ProductListCell.xib; sourceTree = "<group>"; };
		2C00B74A24EDB4B200CF7BCC /* ProductVarientCell.swift */ = {isa = PBXFileReference; lastKnownFileType = sourcecode.swift; path = ProductVarientCell.swift; sourceTree = "<group>"; };
		2C00B74B24EDB4B200CF7BCC /* ProductVarientCell.xib */ = {isa = PBXFileReference; lastKnownFileType = file.xib; path = ProductVarientCell.xib; sourceTree = "<group>"; };
		33CEF3989DCF2D29E1B8D7C7 /* Pods-HeadyTests.debug.xcconfig */ = {isa = PBXFileReference; includeInIndex = 1; lastKnownFileType = text.xcconfig; name = "Pods-HeadyTests.debug.xcconfig"; path = "Target Support Files/Pods-HeadyTests/Pods-HeadyTests.debug.xcconfig"; sourceTree = "<group>"; };
		4BD3043BDC53CA09CB758F1F /* Pods_Heady.framework */ = {isa = PBXFileReference; explicitFileType = wrapper.framework; includeInIndex = 0; path = Pods_Heady.framework; sourceTree = BUILT_PRODUCTS_DIR; };
		565AEDF27E06B2C346DEE717 /* Pods-Heady.debug.xcconfig */ = {isa = PBXFileReference; includeInIndex = 1; lastKnownFileType = text.xcconfig; name = "Pods-Heady.debug.xcconfig"; path = "Target Support Files/Pods-Heady/Pods-Heady.debug.xcconfig"; sourceTree = "<group>"; };
		604AC983A07C21CF16362EBC /* Pods_HeadyTests.framework */ = {isa = PBXFileReference; explicitFileType = wrapper.framework; includeInIndex = 0; path = Pods_HeadyTests.framework; sourceTree = BUILT_PRODUCTS_DIR; };
		75AF3448D7DDF84BF967DF1F /* Pods-HeadyTests.release.xcconfig */ = {isa = PBXFileReference; includeInIndex = 1; lastKnownFileType = text.xcconfig; name = "Pods-HeadyTests.release.xcconfig"; path = "Target Support Files/Pods-HeadyTests/Pods-HeadyTests.release.xcconfig"; sourceTree = "<group>"; };
		C4B8323F441D56DEA57F1752 /* Pods-Heady.release.xcconfig */ = {isa = PBXFileReference; includeInIndex = 1; lastKnownFileType = text.xcconfig; name = "Pods-Heady.release.xcconfig"; path = "Target Support Files/Pods-Heady/Pods-Heady.release.xcconfig"; sourceTree = "<group>"; };
/* End PBXFileReference section */

/* Begin PBXFrameworksBuildPhase section */
		2C00B6DB24EC212400CF7BCC /* Frameworks */ = {
			isa = PBXFrameworksBuildPhase;
			buildActionMask = 2147483647;
			files = (
				EBA5D64E24893AE5A4AA1067 /* Pods_Heady.framework in Frameworks */,
			);
			runOnlyForDeploymentPostprocessing = 0;
		};
		2C00B6F124EC212A00CF7BCC /* Frameworks */ = {
			isa = PBXFrameworksBuildPhase;
			buildActionMask = 2147483647;
			files = (
				9E57F6FF6939CDE2992AE06E /* Pods_HeadyTests.framework in Frameworks */,
			);
			runOnlyForDeploymentPostprocessing = 0;
		};
/* End PBXFrameworksBuildPhase section */

/* Begin PBXGroup section */
		2C00B6D524EC212400CF7BCC = {
			isa = PBXGroup;
			children = (
				2C00B6E024EC212400CF7BCC /* Heady */,
				2C00B6F724EC212A00CF7BCC /* HeadyTests */,
				2C00B6DF24EC212400CF7BCC /* Products */,
				DA04A08A0C43CFE273543447 /* Pods */,
				8B0A07E0467272A69922BF67 /* Frameworks */,
			);
			sourceTree = "<group>";
		};
		2C00B6DF24EC212400CF7BCC /* Products */ = {
			isa = PBXGroup;
			children = (
				2C00B6DE24EC212400CF7BCC /* Heady.app */,
				2C00B6F424EC212A00CF7BCC /* HeadyTests.xctest */,
			);
			name = Products;
			sourceTree = "<group>";
		};
		2C00B6E024EC212400CF7BCC /* Heady */ = {
			isa = PBXGroup;
			children = (
				2C00B71024EC27A800CF7BCC /* Services */,
				2C00B70424EC217A00CF7BCC /* Resources */,
				2C00B70324EC214800CF7BCC /* Classes */,
				2C00B6E124EC212400CF7BCC /* AppDelegate.swift */,
				2C00B72724ED32CB00CF7BCC /* SceneDelegate.swift */,
				2C00B6EC24EC212A00CF7BCC /* LaunchScreen.storyboard */,
				2C00B6EF24EC212A00CF7BCC /* Info.plist */,
			);
			path = Heady;
			sourceTree = "<group>";
		};
		2C00B6F724EC212A00CF7BCC /* HeadyTests */ = {
			isa = PBXGroup;
			children = (
				2C00B6F824EC212A00CF7BCC /* HeadyTests.swift */,
				2C00B6FA24EC212A00CF7BCC /* Info.plist */,
			);
			path = HeadyTests;
			sourceTree = "<group>";
		};
		2C00B70324EC214800CF7BCC /* Classes */ = {
			isa = PBXGroup;
			children = (
				2C00B70624EC24AF00CF7BCC /* Common */,
				2C00B70524EC249300CF7BCC /* Modules */,
			);
			path = Classes;
			sourceTree = "<group>";
		};
		2C00B70424EC217A00CF7BCC /* Resources */ = {
			isa = PBXGroup;
			children = (
				2C00B6EA24EC212A00CF7BCC /* Assets.xcassets */,
				2C00B72924ED416500CF7BCC /* splash.gif */,
			);
			path = Resources;
			sourceTree = "<group>";
		};
		2C00B70524EC249300CF7BCC /* Modules */ = {
			isa = PBXGroup;
			children = (
				2C00B71D24EC534500CF7BCC /* Splash  */,
				2C00B70924EC254000CF7BCC /* Category Items */,
				2C00B70824EC250A00CF7BCC /* Category */,
			);
			path = Modules;
			sourceTree = "<group>";
		};
		2C00B70624EC24AF00CF7BCC /* Common */ = {
			isa = PBXGroup;
			children = (
				2C00B71124EC296400CF7BCC /* Networking.swift */,
				2C00B71324EC29C000CF7BCC /* Protocols.swift */,
				2C00B71524EC2A2800CF7BCC /* Common.swift */,
				2C00B71924EC4FA600CF7BCC /* Constant.swift */,
				2C00B71B24EC505200CF7BCC /* Extensions.swift */,
				2C00B73224ED515100CF7BCC /* BaseViewController.swift */,
			);
			path = Common;
			sourceTree = "<group>";
		};
		2C00B70824EC250A00CF7BCC /* Category */ = {
			isa = PBXGroup;
			children = (
				2C00B70C24EC258900CF7BCC /* View Model */,
				2C00B70B24EC258200CF7BCC /* Model */,
				2C00B70A24EC257900CF7BCC /* View */,
			);
			path = Category;
			sourceTree = "<group>";
		};
		2C00B70924EC254000CF7BCC /* Category Items */ = {
			isa = PBXGroup;
			children = (
				2C00B70F24EC25B700CF7BCC /* View Model */,
				2C00B70E24EC25B000CF7BCC /* Model */,
				2C00B70D24EC259E00CF7BCC /* View */,
			);
			path = "Category Items";
			sourceTree = "<group>";
		};
		2C00B70A24EC257900CF7BCC /* View */ = {
			isa = PBXGroup;
			children = (
				2C00B73424ED688F00CF7BCC /* Sub Views */,
				2C00B72B24ED4E6500CF7BCC /* CategoryList.storyboard */,
				2C00B72E24ED4F6F00CF7BCC /* CategoryListViewController.swift */,
				2C00B73024ED4FAD00CF7BCC /* CategoryListWireFrame.swift */,
			);
			path = View;
			sourceTree = "<group>";
		};
		2C00B70B24EC258200CF7BCC /* Model */ = {
			isa = PBXGroup;
			children = (
				2C00B73924ED6A6E00CF7BCC /* CategoryDataModel.swift */,
			);
			path = Model;
			sourceTree = "<group>";
		};
		2C00B70C24EC258900CF7BCC /* View Model */ = {
			isa = PBXGroup;
			children = (
				2C00B73B24ED7E8E00CF7BCC /* CategoryListViewModel.swift */,
			);
			path = "View Model";
			sourceTree = "<group>";
		};
		2C00B70D24EC259E00CF7BCC /* View */ = {
			isa = PBXGroup;
			children = (
				2C00B74924EDB48100CF7BCC /* Sub Views */,
				2C00B73F24ED970700CF7BCC /* ProductList.storyboard */,
				2C00B73D24ED96B000CF7BCC /* ProductListViewController.swift */,
				2C00B74124ED98E400CF7BCC /* ProductListWireFrame.swift */,
			);
			path = View;
			sourceTree = "<group>";
		};
		2C00B70E24EC25B000CF7BCC /* Model */ = {
			isa = PBXGroup;
			children = (
			);
			path = Model;
			sourceTree = "<group>";
		};
		2C00B70F24EC25B700CF7BCC /* View Model */ = {
			isa = PBXGroup;
			children = (
			);
			path = "View Model";
			sourceTree = "<group>";
		};
		2C00B71024EC27A800CF7BCC /* Services */ = {
			isa = PBXGroup;
			children = (
				2C00B71724EC4EBA00CF7BCC /* RootViewControllerDelegate.swift */,
			);
			path = Services;
			sourceTree = "<group>";
		};
		2C00B71D24EC534500CF7BCC /* Splash  */ = {
			isa = PBXGroup;
			children = (
				2C00B71F24EC536B00CF7BCC /* WireFrame */,
				2C00B71E24EC536300CF7BCC /* Controller */,
			);
			path = "Splash ";
			sourceTree = "<group>";
		};
		2C00B71E24EC536300CF7BCC /* Controller */ = {
			isa = PBXGroup;
			children = (
				2C00B72524EC570E00CF7BCC /* Splash.storyboard */,
				2C00B72224EC56D800CF7BCC /* SpashViewController.swift */,
			);
			path = Controller;
			sourceTree = "<group>";
		};
		2C00B71F24EC536B00CF7BCC /* WireFrame */ = {
			isa = PBXGroup;
			children = (
				2C00B72024EC539600CF7BCC /* SplashWireFrame.swift */,
			);
			path = WireFrame;
			sourceTree = "<group>";
		};
		2C00B73424ED688F00CF7BCC /* Sub Views */ = {
			isa = PBXGroup;
			children = (
				2C00B73524ED68EB00CF7BCC /* CategoryListColCollectionViewCell.swift */,
				2C00B73624ED68EB00CF7BCC /* CategoryListCollectionViewCell.xib */,
			);
			path = "Sub Views";
			sourceTree = "<group>";
		};
		2C00B74924EDB48100CF7BCC /* Sub Views */ = {
			isa = PBXGroup;
			children = (
				2C00B74524EDA58D00CF7BCC /* ProductListCell.swift */,
				2C00B74624EDA58D00CF7BCC /* ProductListCell.xib */,
				2C00B74A24EDB4B200CF7BCC /* ProductVarientCell.swift */,
				2C00B74B24EDB4B200CF7BCC /* ProductVarientCell.xib */,
			);
			path = "Sub Views";
			sourceTree = "<group>";
		};
		8B0A07E0467272A69922BF67 /* Frameworks */ = {
			isa = PBXGroup;
			children = (
				4BD3043BDC53CA09CB758F1F /* Pods_Heady.framework */,
				604AC983A07C21CF16362EBC /* Pods_HeadyTests.framework */,
			);
			name = Frameworks;
			sourceTree = "<group>";
		};
		DA04A08A0C43CFE273543447 /* Pods */ = {
			isa = PBXGroup;
			children = (
				565AEDF27E06B2C346DEE717 /* Pods-Heady.debug.xcconfig */,
				C4B8323F441D56DEA57F1752 /* Pods-Heady.release.xcconfig */,
				33CEF3989DCF2D29E1B8D7C7 /* Pods-HeadyTests.debug.xcconfig */,
				75AF3448D7DDF84BF967DF1F /* Pods-HeadyTests.release.xcconfig */,
			);
			name = Pods;
			path = Pods;
			sourceTree = "<group>";
		};
/* End PBXGroup section */

/* Begin PBXNativeTarget section */
		2C00B6DD24EC212400CF7BCC /* Heady */ = {
			isa = PBXNativeTarget;
			buildConfigurationList = 2C00B6FD24EC212A00CF7BCC /* Build configuration list for PBXNativeTarget "Heady" */;
			buildPhases = (
				5D680B2C55AFB3C517C0565A /* [CP] Check Pods Manifest.lock */,
				2C00B6DA24EC212400CF7BCC /* Sources */,
				2C00B6DB24EC212400CF7BCC /* Frameworks */,
				2C00B6DC24EC212400CF7BCC /* Resources */,
				7DE6E0F6DE421E10A575299B /* [CP] Embed Pods Frameworks */,
			);
			buildRules = (
			);
			dependencies = (
			);
			name = Heady;
			productName = Heady;
			productReference = 2C00B6DE24EC212400CF7BCC /* Heady.app */;
			productType = "com.apple.product-type.application";
		};
		2C00B6F324EC212A00CF7BCC /* HeadyTests */ = {
			isa = PBXNativeTarget;
			buildConfigurationList = 2C00B70024EC212A00CF7BCC /* Build configuration list for PBXNativeTarget "HeadyTests" */;
			buildPhases = (
				FC11D34A4A6356E0C8D196FD /* [CP] Check Pods Manifest.lock */,
				2C00B6F024EC212A00CF7BCC /* Sources */,
				2C00B6F124EC212A00CF7BCC /* Frameworks */,
				2C00B6F224EC212A00CF7BCC /* Resources */,
			);
			buildRules = (
			);
			dependencies = (
				2C00B6F624EC212A00CF7BCC /* PBXTargetDependency */,
			);
			name = HeadyTests;
			productName = HeadyTests;
			productReference = 2C00B6F424EC212A00CF7BCC /* HeadyTests.xctest */;
			productType = "com.apple.product-type.bundle.unit-test";
		};
/* End PBXNativeTarget section */

/* Begin PBXProject section */
		2C00B6D624EC212400CF7BCC /* Project object */ = {
			isa = PBXProject;
			attributes = {
				LastSwiftUpdateCheck = 1110;
				LastUpgradeCheck = 1110;
				ORGANIZATIONNAME = "Mahendra Vishwakarma";
				TargetAttributes = {
					2C00B6DD24EC212400CF7BCC = {
						CreatedOnToolsVersion = 11.1;
					};
					2C00B6F324EC212A00CF7BCC = {
						CreatedOnToolsVersion = 11.1;
						TestTargetID = 2C00B6DD24EC212400CF7BCC;
					};
				};
			};
			buildConfigurationList = 2C00B6D924EC212400CF7BCC /* Build configuration list for PBXProject "Heady" */;
			compatibilityVersion = "Xcode 9.3";
			developmentRegion = en;
			hasScannedForEncodings = 0;
			knownRegions = (
				en,
				Base,
			);
			mainGroup = 2C00B6D524EC212400CF7BCC;
			productRefGroup = 2C00B6DF24EC212400CF7BCC /* Products */;
			projectDirPath = "";
			projectRoot = "";
			targets = (
				2C00B6DD24EC212400CF7BCC /* Heady */,
				2C00B6F324EC212A00CF7BCC /* HeadyTests */,
			);
		};
/* End PBXProject section */

/* Begin PBXResourcesBuildPhase section */
		2C00B6DC24EC212400CF7BCC /* Resources */ = {
			isa = PBXResourcesBuildPhase;
			buildActionMask = 2147483647;
			files = (
				2C00B6EE24EC212A00CF7BCC /* LaunchScreen.storyboard in Resources */,
				2C00B74824EDA58D00CF7BCC /* ProductListCell.xib in Resources */,
				2C00B74D24EDB4B200CF7BCC /* ProductVarientCell.xib in Resources */,
				2C00B74024ED970700CF7BCC /* ProductList.storyboard in Resources */,
				2C00B73824ED68EB00CF7BCC /* CategoryListCollectionViewCell.xib in Resources */,
				2C00B72C24ED4E6500CF7BCC /* CategoryList.storyboard in Resources */,
				2C00B72A24ED416500CF7BCC /* splash.gif in Resources */,
				2C00B6EB24EC212A00CF7BCC /* Assets.xcassets in Resources */,
				2C00B72624EC570E00CF7BCC /* Splash.storyboard in Resources */,
			);
			runOnlyForDeploymentPostprocessing = 0;
		};
		2C00B6F224EC212A00CF7BCC /* Resources */ = {
			isa = PBXResourcesBuildPhase;
			buildActionMask = 2147483647;
			files = (
			);
			runOnlyForDeploymentPostprocessing = 0;
		};
/* End PBXResourcesBuildPhase section */

/* Begin PBXShellScriptBuildPhase section */
		5D680B2C55AFB3C517C0565A /* [CP] Check Pods Manifest.lock */ = {
			isa = PBXShellScriptBuildPhase;
			buildActionMask = 2147483647;
			files = (
			);
			inputFileListPaths = (
			);
			inputPaths = (
				"${PODS_PODFILE_DIR_PATH}/Podfile.lock",
				"${PODS_ROOT}/Manifest.lock",
			);
			name = "[CP] Check Pods Manifest.lock";
			outputFileListPaths = (
			);
			outputPaths = (
				"$(DERIVED_FILE_DIR)/Pods-Heady-checkManifestLockResult.txt",
			);
			runOnlyForDeploymentPostprocessing = 0;
			shellPath = /bin/sh;
			shellScript = "diff \"${PODS_PODFILE_DIR_PATH}/Podfile.lock\" \"${PODS_ROOT}/Manifest.lock\" > /dev/null\nif [ $? != 0 ] ; then\n    # print error to STDERR\n    echo \"error: The sandbox is not in sync with the Podfile.lock. Run 'pod install' or update your CocoaPods installation.\" >&2\n    exit 1\nfi\n# This output is used by Xcode 'outputs' to avoid re-running this script phase.\necho \"SUCCESS\" > \"${SCRIPT_OUTPUT_FILE_0}\"\n";
			showEnvVarsInLog = 0;
		};
		7DE6E0F6DE421E10A575299B /* [CP] Embed Pods Frameworks */ = {
			isa = PBXShellScriptBuildPhase;
			buildActionMask = 2147483647;
			files = (
			);
			inputFileListPaths = (
				"${PODS_ROOT}/Target Support Files/Pods-Heady/Pods-Heady-frameworks-${CONFIGURATION}-input-files.xcfilelist",
			);
			name = "[CP] Embed Pods Frameworks";
			outputFileListPaths = (
				"${PODS_ROOT}/Target Support Files/Pods-Heady/Pods-Heady-frameworks-${CONFIGURATION}-output-files.xcfilelist",
			);
			runOnlyForDeploymentPostprocessing = 0;
			shellPath = /bin/sh;
			shellScript = "\"${PODS_ROOT}/Target Support Files/Pods-Heady/Pods-Heady-frameworks.sh\"\n";
			showEnvVarsInLog = 0;
		};
		FC11D34A4A6356E0C8D196FD /* [CP] Check Pods Manifest.lock */ = {
			isa = PBXShellScriptBuildPhase;
			buildActionMask = 2147483647;
			files = (
			);
			inputFileListPaths = (
			);
			inputPaths = (
				"${PODS_PODFILE_DIR_PATH}/Podfile.lock",
				"${PODS_ROOT}/Manifest.lock",
			);
			name = "[CP] Check Pods Manifest.lock";
			outputFileListPaths = (
			);
			outputPaths = (
				"$(DERIVED_FILE_DIR)/Pods-HeadyTests-checkManifestLockResult.txt",
			);
			runOnlyForDeploymentPostprocessing = 0;
			shellPath = /bin/sh;
			shellScript = "diff \"${PODS_PODFILE_DIR_PATH}/Podfile.lock\" \"${PODS_ROOT}/Manifest.lock\" > /dev/null\nif [ $? != 0 ] ; then\n    # print error to STDERR\n    echo \"error: The sandbox is not in sync with the Podfile.lock. Run 'pod install' or update your CocoaPods installation.\" >&2\n    exit 1\nfi\n# This output is used by Xcode 'outputs' to avoid re-running this script phase.\necho \"SUCCESS\" > \"${SCRIPT_OUTPUT_FILE_0}\"\n";
			showEnvVarsInLog = 0;
		};
/* End PBXShellScriptBuildPhase section */

/* Begin PBXSourcesBuildPhase section */
		2C00B6DA24EC212400CF7BCC /* Sources */ = {
			isa = PBXSourcesBuildPhase;
			buildActionMask = 2147483647;
			files = (
				2C00B73324ED515100CF7BCC /* BaseViewController.swift in Sources */,
				2C00B74C24EDB4B200CF7BCC /* ProductVarientCell.swift in Sources */,
				2C00B73E24ED96B000CF7BCC /* ProductListViewController.swift in Sources */,
				2C00B72324EC56D800CF7BCC /* SpashViewController.swift in Sources */,
				2C00B71424EC29C100CF7BCC /* Protocols.swift in Sources */,
				2C00B6E224EC212400CF7BCC /* AppDelegate.swift in Sources */,
				2C00B71624EC2A2800CF7BCC /* Common.swift in Sources */,
				2C00B73724ED68EB00CF7BCC /* CategoryListColCollectionViewCell.swift in Sources */,
				2C00B73C24ED7E8E00CF7BCC /* CategoryListViewModel.swift in Sources */,
				2C00B71824EC4EBA00CF7BCC /* RootViewControllerDelegate.swift in Sources */,
				2C00B72824ED32CB00CF7BCC /* SceneDelegate.swift in Sources */,
				2C00B74224ED98E400CF7BCC /* ProductListWireFrame.swift in Sources */,
				2C00B71224EC296400CF7BCC /* Networking.swift in Sources */,
				2C00B73A24ED6A6E00CF7BCC /* CategoryDataModel.swift in Sources */,
				2C00B72124EC539600CF7BCC /* SplashWireFrame.swift in Sources */,
				2C00B74724EDA58D00CF7BCC /* ProductListCell.swift in Sources */,
				2C00B71A24EC4FA600CF7BCC /* Constant.swift in Sources */,
				2C00B72F24ED4F6F00CF7BCC /* CategoryListViewController.swift in Sources */,
				2C00B73124ED4FAD00CF7BCC /* CategoryListWireFrame.swift in Sources */,
				2C00B71C24EC505200CF7BCC /* Extensions.swift in Sources */,
			);
			runOnlyForDeploymentPostprocessing = 0;
		};
		2C00B6F024EC212A00CF7BCC /* Sources */ = {
			isa = PBXSourcesBuildPhase;
			buildActionMask = 2147483647;
			files = (
				2C00B6F924EC212A00CF7BCC /* HeadyTests.swift in Sources */,
			);
			runOnlyForDeploymentPostprocessing = 0;
		};
/* End PBXSourcesBuildPhase section */

/* Begin PBXTargetDependency section */
		2C00B6F624EC212A00CF7BCC /* PBXTargetDependency */ = {
			isa = PBXTargetDependency;
			target = 2C00B6DD24EC212400CF7BCC /* Heady */;
			targetProxy = 2C00B6F524EC212A00CF7BCC /* PBXContainerItemProxy */;
		};
/* End PBXTargetDependency section */

/* Begin PBXVariantGroup section */
		2C00B6EC24EC212A00CF7BCC /* LaunchScreen.storyboard */ = {
			isa = PBXVariantGroup;
			children = (
				2C00B6ED24EC212A00CF7BCC /* Base */,
			);
			name = LaunchScreen.storyboard;
			sourceTree = "<group>";
		};
/* End PBXVariantGroup section */

/* Begin XCBuildConfiguration section */
		2C00B6FB24EC212A00CF7BCC /* Debug */ = {
			isa = XCBuildConfiguration;
			buildSettings = {
				ALWAYS_SEARCH_USER_PATHS = NO;
				CLANG_ANALYZER_NONNULL = YES;
				CLANG_ANALYZER_NUMBER_OBJECT_CONVERSION = YES_AGGRESSIVE;
				CLANG_CXX_LANGUAGE_STANDARD = "gnu++14";
				CLANG_CXX_LIBRARY = "libc++";
				CLANG_ENABLE_MODULES = YES;
				CLANG_ENABLE_OBJC_ARC = YES;
				CLANG_ENABLE_OBJC_WEAK = YES;
				CLANG_WARN_BLOCK_CAPTURE_AUTORELEASING = YES;
				CLANG_WARN_BOOL_CONVERSION = YES;
				CLANG_WARN_COMMA = YES;
				CLANG_WARN_CONSTANT_CONVERSION = YES;
				CLANG_WARN_DEPRECATED_OBJC_IMPLEMENTATIONS = YES;
				CLANG_WARN_DIRECT_OBJC_ISA_USAGE = YES_ERROR;
				CLANG_WARN_DOCUMENTATION_COMMENTS = YES;
				CLANG_WARN_EMPTY_BODY = YES;
				CLANG_WARN_ENUM_CONVERSION = YES;
				CLANG_WARN_INFINITE_RECURSION = YES;
				CLANG_WARN_INT_CONVERSION = YES;
				CLANG_WARN_NON_LITERAL_NULL_CONVERSION = YES;
				CLANG_WARN_OBJC_IMPLICIT_RETAIN_SELF = YES;
				CLANG_WARN_OBJC_LITERAL_CONVERSION = YES;
				CLANG_WARN_OBJC_ROOT_CLASS = YES_ERROR;
				CLANG_WARN_RANGE_LOOP_ANALYSIS = YES;
				CLANG_WARN_STRICT_PROTOTYPES = YES;
				CLANG_WARN_SUSPICIOUS_MOVE = YES;
				CLANG_WARN_UNGUARDED_AVAILABILITY = YES_AGGRESSIVE;
				CLANG_WARN_UNREACHABLE_CODE = YES;
				CLANG_WARN__DUPLICATE_METHOD_MATCH = YES;
				COPY_PHASE_STRIP = NO;
				DEBUG_INFORMATION_FORMAT = dwarf;
				ENABLE_STRICT_OBJC_MSGSEND = YES;
				ENABLE_TESTABILITY = YES;
				GCC_C_LANGUAGE_STANDARD = gnu11;
				GCC_DYNAMIC_NO_PIC = NO;
				GCC_NO_COMMON_BLOCKS = YES;
				GCC_OPTIMIZATION_LEVEL = 0;
				GCC_PREPROCESSOR_DEFINITIONS = (
					"DEBUG=1",
					"$(inherited)",
				);
				GCC_WARN_64_TO_32_BIT_CONVERSION = YES;
				GCC_WARN_ABOUT_RETURN_TYPE = YES_ERROR;
				GCC_WARN_UNDECLARED_SELECTOR = YES;
				GCC_WARN_UNINITIALIZED_AUTOS = YES_AGGRESSIVE;
				GCC_WARN_UNUSED_FUNCTION = YES;
				GCC_WARN_UNUSED_VARIABLE = YES;
				IPHONEOS_DEPLOYMENT_TARGET = 13.1;
				MTL_ENABLE_DEBUG_INFO = INCLUDE_SOURCE;
				MTL_FAST_MATH = YES;
				ONLY_ACTIVE_ARCH = YES;
				SDKROOT = iphoneos;
				SWIFT_ACTIVE_COMPILATION_CONDITIONS = DEBUG;
				SWIFT_OPTIMIZATION_LEVEL = "-Onone";
			};
			name = Debug;
		};
		2C00B6FC24EC212A00CF7BCC /* Release */ = {
			isa = XCBuildConfiguration;
			buildSettings = {
				ALWAYS_SEARCH_USER_PATHS = NO;
				CLANG_ANALYZER_NONNULL = YES;
				CLANG_ANALYZER_NUMBER_OBJECT_CONVERSION = YES_AGGRESSIVE;
				CLANG_CXX_LANGUAGE_STANDARD = "gnu++14";
				CLANG_CXX_LIBRARY = "libc++";
				CLANG_ENABLE_MODULES = YES;
				CLANG_ENABLE_OBJC_ARC = YES;
				CLANG_ENABLE_OBJC_WEAK = YES;
				CLANG_WARN_BLOCK_CAPTURE_AUTORELEASING = YES;
				CLANG_WARN_BOOL_CONVERSION = YES;
				CLANG_WARN_COMMA = YES;
				CLANG_WARN_CONSTANT_CONVERSION = YES;
				CLANG_WARN_DEPRECATED_OBJC_IMPLEMENTATIONS = YES;
				CLANG_WARN_DIRECT_OBJC_ISA_USAGE = YES_ERROR;
				CLANG_WARN_DOCUMENTATION_COMMENTS = YES;
				CLANG_WARN_EMPTY_BODY = YES;
				CLANG_WARN_ENUM_CONVERSION = YES;
				CLANG_WARN_INFINITE_RECURSION = YES;
				CLANG_WARN_INT_CONVERSION = YES;
				CLANG_WARN_NON_LITERAL_NULL_CONVERSION = YES;
				CLANG_WARN_OBJC_IMPLICIT_RETAIN_SELF = YES;
				CLANG_WARN_OBJC_LITERAL_CONVERSION = YES;
				CLANG_WARN_OBJC_ROOT_CLASS = YES_ERROR;
				CLANG_WARN_RANGE_LOOP_ANALYSIS = YES;
				CLANG_WARN_STRICT_PROTOTYPES = YES;
				CLANG_WARN_SUSPICIOUS_MOVE = YES;
				CLANG_WARN_UNGUARDED_AVAILABILITY = YES_AGGRESSIVE;
				CLANG_WARN_UNREACHABLE_CODE = YES;
				CLANG_WARN__DUPLICATE_METHOD_MATCH = YES;
				COPY_PHASE_STRIP = NO;
				DEBUG_INFORMATION_FORMAT = "dwarf-with-dsym";
				ENABLE_NS_ASSERTIONS = NO;
				ENABLE_STRICT_OBJC_MSGSEND = YES;
				GCC_C_LANGUAGE_STANDARD = gnu11;
				GCC_NO_COMMON_BLOCKS = YES;
				GCC_WARN_64_TO_32_BIT_CONVERSION = YES;
				GCC_WARN_ABOUT_RETURN_TYPE = YES_ERROR;
				GCC_WARN_UNDECLARED_SELECTOR = YES;
				GCC_WARN_UNINITIALIZED_AUTOS = YES_AGGRESSIVE;
				GCC_WARN_UNUSED_FUNCTION = YES;
				GCC_WARN_UNUSED_VARIABLE = YES;
				IPHONEOS_DEPLOYMENT_TARGET = 13.1;
				MTL_ENABLE_DEBUG_INFO = NO;
				MTL_FAST_MATH = YES;
				SDKROOT = iphoneos;
				SWIFT_COMPILATION_MODE = wholemodule;
				SWIFT_OPTIMIZATION_LEVEL = "-O";
				VALIDATE_PRODUCT = YES;
			};
			name = Release;
		};
		2C00B6FE24EC212A00CF7BCC /* Debug */ = {
			isa = XCBuildConfiguration;
			baseConfigurationReference = 565AEDF27E06B2C346DEE717 /* Pods-Heady.debug.xcconfig */;
			buildSettings = {
				ASSETCATALOG_COMPILER_APPICON_NAME = AppIcon;
				CODE_SIGN_STYLE = Automatic;
				INFOPLIST_FILE = Heady/Info.plist;
				LD_RUNPATH_SEARCH_PATHS = (
					"$(inherited)",
					"@executable_path/Frameworks",
				);
				PRODUCT_BUNDLE_IDENTIFIER = mahendra.vishwakarma.Heady;
				PRODUCT_NAME = "$(TARGET_NAME)";
				SWIFT_VERSION = 5.0;
				TARGETED_DEVICE_FAMILY = 1;
			};
			name = Debug;
		};
		2C00B6FF24EC212A00CF7BCC /* Release */ = {
			isa = XCBuildConfiguration;
			baseConfigurationReference = C4B8323F441D56DEA57F1752 /* Pods-Heady.release.xcconfig */;
			buildSettings = {
				ASSETCATALOG_COMPILER_APPICON_NAME = AppIcon;
				CODE_SIGN_STYLE = Automatic;
				INFOPLIST_FILE = Heady/Info.plist;
				LD_RUNPATH_SEARCH_PATHS = (
					"$(inherited)",
					"@executable_path/Frameworks",
				);
				PRODUCT_BUNDLE_IDENTIFIER = mahendra.vishwakarma.Heady;
				PRODUCT_NAME = "$(TARGET_NAME)";
				SWIFT_VERSION = 5.0;
				TARGETED_DEVICE_FAMILY = 1;
			};
			name = Release;
		};
		2C00B70124EC212A00CF7BCC /* Debug */ = {
			isa = XCBuildConfiguration;
			baseConfigurationReference = 33CEF3989DCF2D29E1B8D7C7 /* Pods-HeadyTests.debug.xcconfig */;
			buildSettings = {
				ALWAYS_EMBED_SWIFT_STANDARD_LIBRARIES = YES;
				BUNDLE_LOADER = "$(TEST_HOST)";
				CODE_SIGN_STYLE = Automatic;
				INFOPLIST_FILE = HeadyTests/Info.plist;
				IPHONEOS_DEPLOYMENT_TARGET = 13.1;
				LD_RUNPATH_SEARCH_PATHS = (
					"$(inherited)",
					"@executable_path/Frameworks",
					"@loader_path/Frameworks",
				);
				PRODUCT_BUNDLE_IDENTIFIER = mahendra.vishwakarma.HeadyTests;
				PRODUCT_NAME = "$(TARGET_NAME)";
				SWIFT_VERSION = 5.0;
				TARGETED_DEVICE_FAMILY = "1,2";
				TEST_HOST = "$(BUILT_PRODUCTS_DIR)/Heady.app/Heady";
			};
			name = Debug;
		};
		2C00B70224EC212A00CF7BCC /* Release */ = {
			isa = XCBuildConfiguration;
			baseConfigurationReference = 75AF3448D7DDF84BF967DF1F /* Pods-HeadyTests.release.xcconfig */;
			buildSettings = {
				ALWAYS_EMBED_SWIFT_STANDARD_LIBRARIES = YES;
				BUNDLE_LOADER = "$(TEST_HOST)";
				CODE_SIGN_STYLE = Automatic;
				INFOPLIST_FILE = HeadyTests/Info.plist;
				IPHONEOS_DEPLOYMENT_TARGET = 13.1;
				LD_RUNPATH_SEARCH_PATHS = (
					"$(inherited)",
					"@executable_path/Frameworks",
					"@loader_path/Frameworks",
				);
				PRODUCT_BUNDLE_IDENTIFIER = mahendra.vishwakarma.HeadyTests;
				PRODUCT_NAME = "$(TARGET_NAME)";
				SWIFT_VERSION = 5.0;
				TARGETED_DEVICE_FAMILY = "1,2";
				TEST_HOST = "$(BUILT_PRODUCTS_DIR)/Heady.app/Heady";
			};
			name = Release;
		};
/* End XCBuildConfiguration section */

/* Begin XCConfigurationList section */
		2C00B6D924EC212400CF7BCC /* Build configuration list for PBXProject "Heady" */ = {
			isa = XCConfigurationList;
			buildConfigurations = (
				2C00B6FB24EC212A00CF7BCC /* Debug */,
				2C00B6FC24EC212A00CF7BCC /* Release */,
			);
			defaultConfigurationIsVisible = 0;
			defaultConfigurationName = Release;
		};
		2C00B6FD24EC212A00CF7BCC /* Build configuration list for PBXNativeTarget "Heady" */ = {
			isa = XCConfigurationList;
			buildConfigurations = (
				2C00B6FE24EC212A00CF7BCC /* Debug */,
				2C00B6FF24EC212A00CF7BCC /* Release */,
			);
			defaultConfigurationIsVisible = 0;
			defaultConfigurationName = Release;
		};
		2C00B70024EC212A00CF7BCC /* Build configuration list for PBXNativeTarget "HeadyTests" */ = {
			isa = XCConfigurationList;
			buildConfigurations = (
				2C00B70124EC212A00CF7BCC /* Debug */,
				2C00B70224EC212A00CF7BCC /* Release */,
			);
			defaultConfigurationIsVisible = 0;
			defaultConfigurationName = Release;
		};
/* End XCConfigurationList section */
	};
	rootObject = 2C00B6D624EC212400CF7BCC /* Project object */;
}
